
Microsoft Visual Studio Solution File, Format Version 12.00
# Visual Studio Version 16
VisualStudioVersion = 16.0.29609.76
MinimumVisualStudioVersion = 10.0.40219.1
Project("{FAE04EC0-301F-11D3-BF4B-00C04F79EFBC}") = "RithV.FX.Web", "MVCUIRevamp\RithV.FX.Web.csproj", "{A622DCDE-5502-42F2-ADE0-D5511499E69B}"
EndProject
Project("{FAE04EC0-301F-11D3-BF4B-00C04F79EFBC}") = "RithV.FX.EntityDTO", "RithV.FX.ModelDTO\RithV.FX.EntityDTO.csproj", "{F8FC75E0-1FEB-493A-B6E7-2A70898AD0D6}"
EndProject
Project("{FAE04EC0-301F-11D3-BF4B-00C04F79EFBC}") = "RithV.FX.WebAPI", "RithV.FX.WebAPI\RithV.FX.WebAPI.csproj", "{89592E06-A82F-4BE3-953C-A808F6361DF7}"
EndProject
Project("{FAE04EC0-301F-11D3-BF4B-00C04F79EFBC}") = "RithV.FX.Entity", "RithV.FX.Entity\RithV.FX.Entity.csproj", "{007128E6-73A7-4531-842F-BCDE1C7413E1}"
EndProject
Project("{FAE04EC0-301F-11D3-BF4B-00C04F79EFBC}") = "TestControls", "TestControls\TestControls.csproj", "{B04E2533-42D5-4BD6-92CC-ABBEFFDF8753}"
EndProject
Global
	GlobalSection(SolutionConfigurationPlatforms) = preSolution
		Debug|Any CPU = Debug|Any CPU
		Release|Any CPU = Release|Any CPU
	EndGlobalSection
	GlobalSection(ProjectConfigurationPlatforms) = postSolution
		{A622DCDE-5502-42F2-ADE0-D5511499E69B}.Debug|Any CPU.ActiveCfg = Debug|Any CPU
		{A622DCDE-5502-42F2-ADE0-D5511499E69B}.Debug|Any CPU.Build.0 = Debug|Any CPU
		{A622DCDE-5502-42F2-ADE0-D5511499E69B}.Release|Any CPU.ActiveCfg = Release|Any CPU
		{A622DCDE-5502-42F2-ADE0-D5511499E69B}.Release|Any CPU.Build.0 = Release|Any CPU
		{F8FC75E0-1FEB-493A-B6E7-2A70898AD0D6}.Debug|Any CPU.ActiveCfg = Debug|Any CPU
		{F8FC75E0-1FEB-493A-B6E7-2A70898AD0D6}.Debug|Any CPU.Build.0 = Debug|Any CPU
		{F8FC75E0-1FEB-493A-B6E7-2A70898AD0D6}.Release|Any CPU.ActiveCfg = Release|Any CPU
		{F8FC75E0-1FEB-493A-B6E7-2A70898AD0D6}.Release|Any CPU.Build.0 = Release|Any CPU
		{89592E06-A82F-4BE3-953C-A808F6361DF7}.Debug|Any CPU.ActiveCfg = Debug|Any CPU
		{89592E06-A82F-4BE3-953C-A808F6361DF7}.Debug|Any CPU.Build.0 = Debug|Any CPU
		{89592E06-A82F-4BE3-953C-A808F6361DF7}.Release|Any CPU.ActiveCfg = Release|Any CPU
		{89592E06-A82F-4BE3-953C-A808F6361DF7}.Release|Any CPU.Build.0 = Release|Any CPU
		{007128E6-73A7-4531-842F-BCDE1C7413E1}.Debug|Any CPU.ActiveCfg = Debug|Any CPU
		{007128E6-73A7-4531-842F-BCDE1C7413E1}.Debug|Any CPU.Build.0 = Debug|Any CPU
		{007128E6-73A7-4531-842F-BCDE1C7413E1}.Release|Any CPU.ActiveCfg = Release|Any CPU
		{007128E6-73A7-4531-842F-BCDE1C7413E1}.Release|Any CPU.Build.0 = Release|Any CPU
		{B04E2533-42D5-4BD6-92CC-ABBEFFDF8753}.Debug|Any CPU.ActiveCfg = Debug|Any CPU
		{B04E2533-42D5-4BD6-92CC-ABBEFFDF8753}.Debug|Any CPU.Build.0 = Debug|Any CPU
		{B04E2533-42D5-4BD6-92CC-ABBEFFDF8753}.Release|Any CPU.ActiveCfg = Release|Any CPU
		{B04E2533-42D5-4BD6-92CC-ABBEFFDF8753}.Release|Any CPU.Build.0 = Release|Any CPU
	EndGlobalSection
	GlobalSection(SolutionProperties) = preSolution
		HideSolutionNode = FALSE
	EndGlobalSection
	GlobalSection(ExtensibilityGlobals) = postSolution
		SolutionGuid = {709A9083-3B00-4802-837E-92E2AF1AB706}
	EndGlobalSection
EndGlobal
